
Microsoft Visual Studio Solution File, Format Version 12.00
# Visual Studio Version 16
VisualStudioVersion = 16.0.29709.97
MinimumVisualStudioVersion = 10.0.40219.1
Project("{FAE04EC0-301F-11D3-BF4B-00C04F79EFBC}") = "PruebasClases", "PruebasClases\PruebasClases.csproj", "{30E8F0A7-566A-469C-A882-F2C3A9E4D975}"
EndProject
Project("{FAE04EC0-301F-11D3-BF4B-00C04F79EFBC}") = "PruebasIntegracion", "PruebasIntegracion\PruebasIntegracion.csproj", "{0BAD5207-D303-4E0F-BAA1-BB83F5EA7B28}"
EndProject
Project("{FAE04EC0-301F-11D3-BF4B-00C04F79EFBC}") = "PruebasUnitarias", "PruebasUnitarias\PruebasUnitarias.csproj", "{E0752794-E704-4CB0-9D9B-CE206958BF3D}"
EndProject
Global
	GlobalSection(SolutionConfigurationPlatforms) = preSolution
		Debug|Any CPU = Debug|Any CPU
		Release|Any CPU = Release|Any CPU
	EndGlobalSection
	GlobalSection(ProjectConfigurationPlatforms) = postSolution
		{30E8F0A7-566A-469C-A882-F2C3A9E4D975}.Debug|Any CPU.ActiveCfg = Debug|Any CPU
		{30E8F0A7-566A-469C-A882-F2C3A9E4D975}.Debug|Any CPU.Build.0 = Debug|Any CPU
		{30E8F0A7-566A-469C-A882-F2C3A9E4D975}.Release|Any CPU.ActiveCfg = Release|Any CPU
		{30E8F0A7-566A-469C-A882-F2C3A9E4D975}.Release|Any CPU.Build.0 = Release|Any CPU
		{0BAD5207-D303-4E0F-BAA1-BB83F5EA7B28}.Debug|Any CPU.ActiveCfg = Debug|Any CPU
		{0BAD5207-D303-4E0F-BAA1-BB83F5EA7B28}.Debug|Any CPU.Build.0 = Debug|Any CPU
		{0BAD5207-D303-4E0F-BAA1-BB83F5EA7B28}.Release|Any CPU.ActiveCfg = Release|Any CPU
		{0BAD5207-D303-4E0F-BAA1-BB83F5EA7B28}.Release|Any CPU.Build.0 = Release|Any CPU
		{E0752794-E704-4CB0-9D9B-CE206958BF3D}.Debug|Any CPU.ActiveCfg = Debug|Any CPU
		{E0752794-E704-4CB0-9D9B-CE206958BF3D}.Debug|Any CPU.Build.0 = Debug|Any CPU
		{E0752794-E704-4CB0-9D9B-CE206958BF3D}.Release|Any CPU.ActiveCfg = Release|Any CPU
		{E0752794-E704-4CB0-9D9B-CE206958BF3D}.Release|Any CPU.Build.0 = Release|Any CPU
	EndGlobalSection
	GlobalSection(SolutionProperties) = preSolution
		HideSolutionNode = FALSE
	EndGlobalSection
	GlobalSection(ExtensibilityGlobals) = postSolution
		SolutionGuid = {544878A2-F33A-4E9E-8301-9731E0AFF734}
	EndGlobalSection
EndGlobal
